
Microsoft Visual Studio Solution File, Format Version 12.00
# Visual Studio Version 17
VisualStudioVersion = 17.0.31903.59
MinimumVisualStudioVersion = 10.0.40219.1
Project("{FAE04EC0-301F-11D3-BF4B-00C04F79EFBC}") = "WebBook", "WebBook\WebBook.csproj", "{1F64E320-8A31-4620-9786-E191388149F5}"
EndProject
Project("{FAE04EC0-301F-11D3-BF4B-00C04F79EFBC}") = "Domin", "Domin\Domin.csproj", "{D5A56457-DBBE-4519-B386-85B272BF928C}"
EndProject
Project("{FAE04EC0-301F-11D3-BF4B-00C04F79EFBC}") = "Infarstuructre", "Infarstuructre\Infarstuructre.csproj", "{7CA3468B-9A98-4BA0-9C87-11805728DFB8}"
EndProject
Global
	GlobalSection(SolutionConfigurationPlatforms) = preSolution
		Debug|Any CPU = Debug|Any CPU
		Release|Any CPU = Release|Any CPU
	EndGlobalSection
	GlobalSection(ProjectConfigurationPlatforms) = postSolution
		{1F64E320-8A31-4620-9786-E191388149F5}.Debug|Any CPU.ActiveCfg = Debug|Any CPU
		{1F64E320-8A31-4620-9786-E191388149F5}.Debug|Any CPU.Build.0 = Debug|Any CPU
		{1F64E320-8A31-4620-9786-E191388149F5}.Release|Any CPU.ActiveCfg = Release|Any CPU
		{1F64E320-8A31-4620-9786-E191388149F5}.Release|Any CPU.Build.0 = Release|Any CPU
		{D5A56457-DBBE-4519-B386-85B272BF928C}.Debug|Any CPU.ActiveCfg = Debug|Any CPU
		{D5A56457-DBBE-4519-B386-85B272BF928C}.Debug|Any CPU.Build.0 = Debug|Any CPU
		{D5A56457-DBBE-4519-B386-85B272BF928C}.Release|Any CPU.ActiveCfg = Release|Any CPU
		{D5A56457-DBBE-4519-B386-85B272BF928C}.Release|Any CPU.Build.0 = Release|Any CPU
		{7CA3468B-9A98-4BA0-9C87-11805728DFB8}.Debug|Any CPU.ActiveCfg = Debug|Any CPU
		{7CA3468B-9A98-4BA0-9C87-11805728DFB8}.Debug|Any CPU.Build.0 = Debug|Any CPU
		{7CA3468B-9A98-4BA0-9C87-11805728DFB8}.Release|Any CPU.ActiveCfg = Release|Any CPU
		{7CA3468B-9A98-4BA0-9C87-11805728DFB8}.Release|Any CPU.Build.0 = Release|Any CPU
	EndGlobalSection
	GlobalSection(SolutionProperties) = preSolution
		HideSolutionNode = FALSE
	EndGlobalSection
	GlobalSection(ExtensibilityGlobals) = postSolution
		SolutionGuid = {A879FB5F-6743-4555-A58F-986844642B35}
	EndGlobalSection
EndGlobal
